
Microsoft Visual Studio Solution File, Format Version 12.00
# Visual Studio Version 16
VisualStudioVersion = 16.0.30204.135
MinimumVisualStudioVersion = 10.0.40219.1
Project("{FAE04EC0-301F-11D3-BF4B-00C04F79EFBC}") = "CsharpAgeCounting", "CsharpAgeCounting\CsharpAgeCounting.csproj", "{CF1D2A66-4EB5-4209-872D-6766788F2731}"
EndProject
Global
	GlobalSection(SolutionConfigurationPlatforms) = preSolution
		Debug|Any CPU = Debug|Any CPU
		Release|Any CPU = Release|Any CPU
	EndGlobalSection
	GlobalSection(ProjectConfigurationPlatforms) = postSolution
		{CF1D2A66-4EB5-4209-872D-6766788F2731}.Debug|Any CPU.ActiveCfg = Debug|Any CPU
		{CF1D2A66-4EB5-4209-872D-6766788F2731}.Debug|Any CPU.Build.0 = Debug|Any CPU
		{CF1D2A66-4EB5-4209-872D-6766788F2731}.Release|Any CPU.ActiveCfg = Release|Any CPU
		{CF1D2A66-4EB5-4209-872D-6766788F2731}.Release|Any CPU.Build.0 = Release|Any CPU
	EndGlobalSection
	GlobalSection(SolutionProperties) = preSolution
		HideSolutionNode = FALSE
	EndGlobalSection
	GlobalSection(ExtensibilityGlobals) = postSolution
		SolutionGuid = {0AA263FA-3D35-4A60-ABE8-7C49CF24EAE1}
	EndGlobalSection
EndGlobal
